{
    "_readme": [
        "This file locks the dependencies of your project to a known state",
        "Read more about it at https://getcomposer.org/doc/01-basic-usage.md#composer-lock-the-lock-file",
        "This file is @generated automatically"
    ],
    "hash": "46daeee877468c2f1e248fe60c757992",
    "content-hash": "d11f92f5f9d2fa06022509ca58979b88",
    "packages": [
        {
            "name": "dnoegel/php-xdg-base-dir",
            "version": "0.1",
            "source": {
                "type": "git",
                "url": "https://github.com/dnoegel/php-xdg-base-dir.git",
                "reference": "265b8593498b997dc2d31e75b89f053b5cc9621a"
            },
            "dist": {
                "type": "zip",
                "url": "https://api.github.com/repos/dnoegel/php-xdg-base-dir/zipball/265b8593498b997dc2d31e75b89f053b5cc9621a",
                "reference": "265b8593498b997dc2d31e75b89f053b5cc9621a",
                "shasum": ""
            },
            "require": {
                "php": ">=5.3.2"
            },
            "require-dev": {
                "phpunit/phpunit": "@stable"
            },
            "type": "project",
            "autoload": {
                "psr-4": {
                    "XdgBaseDir\\": "src/"
                }
            },
            "notification-url": "https://packagist.org/downloads/",
            "license": [
                "MIT"
            ],
            "description": "implementation of xdg base directory specification for php",
            "time": "2014-10-24 07:27:01"
        },
        {
            "name": "ifsnop/mysqldump-php",
            "version": "dev-master",
            "source": {
                "type": "git",
                "url": "https://github.com/ifsnop/mysqldump-php.git",
                "reference": "bd8aecfcffd9532322b0e1056d77dc20fae59495"
            },
            "dist": {
                "type": "zip",
                "url": "https://api.github.com/repos/ifsnop/mysqldump-php/zipball/bd8aecfcffd9532322b0e1056d77dc20fae59495",
                "reference": "bd8aecfcffd9532322b0e1056d77dc20fae59495",
                "shasum": ""
            },
            "require": {
                "php": ">=5.3.0"
            },
            "require-dev": {
                "phpunit/phpunit": "3.7.*",
                "squizlabs/php_codesniffer": "1.*"
            },
            "type": "library",
            "autoload": {
                "psr-4": {
                    "Ifsnop\\": "src/Ifsnop/"
                }
            },
            "notification-url": "https://packagist.org/downloads/",
            "license": [
                "MIT"
            ],
            "authors": [
                {
                    "name": "Diego Torres",
                    "homepage": "https://github.com/ifsnop",
                    "role": "Developer"
                }
            ],
            "description": "This is a php version of linux's mysqldump in terminal \"$ mysqldump -u username -p...\"",
            "homepage": "https://github.com/ifsnop/mysqldump-php",
            "keywords": [
                "backup",
                "database",
                "dump",
                "export",
                "mysql",
                "mysqldump",
                "pdo",
                "sqlite"
            ],
            "time": "2016-10-19 22:05:03"
        },
        {
            "name": "ircmaxell/password-compat",
            "version": "v1.0.4",
            "source": {
                "type": "git",
                "url": "https://github.com/ircmaxell/password_compat.git",
                "reference": "5c5cde8822a69545767f7c7f3058cb15ff84614c"
            },
            "dist": {
                "type": "zip",
                "url": "https://api.github.com/repos/ircmaxell/password_compat/zipball/5c5cde8822a69545767f7c7f3058cb15ff84614c",
                "reference": "5c5cde8822a69545767f7c7f3058cb15ff84614c",
                "shasum": ""
            },
            "require-dev": {
                "phpunit/phpunit": "4.*"
            },
            "type": "library",
            "autoload": {
                "files": [
                    "lib/password.php"
                ]
            },
            "notification-url": "https://packagist.org/downloads/",
            "license": [
                "MIT"
            ],
            "authors": [
                {
                    "name": "Anthony Ferrara",
                    "email": "ircmaxell@php.net",
                    "homepage": "http://blog.ircmaxell.com"
                }
            ],
            "description": "A compatibility library for the proposed simplified password hashing algorithm: https://wiki.php.net/rfc/password_hash",
            "homepage": "https://github.com/ircmaxell/password_compat",
            "keywords": [
                "hashing",
                "password"
            ],
            "time": "2014-11-20 16:49:30"
        },
        {
            "name": "jakub-onderka/php-console-color",
            "version": "0.1",
            "source": {
                "type": "git",
                "url": "https://github.com/JakubOnderka/PHP-Console-Color.git",
                "reference": "e0b393dacf7703fc36a4efc3df1435485197e6c1"
            },
            "dist": {
                "type": "zip",
                "url": "https://api.github.com/repos/JakubOnderka/PHP-Console-Color/zipball/e0b393dacf7703fc36a4efc3df1435485197e6c1",
                "reference": "e0b393dacf7703fc36a4efc3df1435485197e6c1",
                "shasum": ""
            },
            "require": {
                "php": ">=5.3.2"
            },
            "require-dev": {
                "jakub-onderka/php-code-style": "1.0",
                "jakub-onderka/php-parallel-lint": "0.*",
                "jakub-onderka/php-var-dump-check": "0.*",
                "phpunit/phpunit": "3.7.*",
                "squizlabs/php_codesniffer": "1.*"
            },
            "type": "library",
            "autoload": {
                "psr-0": {
                    "JakubOnderka\\PhpConsoleColor": "src/"
                }
            },
            "notification-url": "https://packagist.org/downloads/",
            "license": [
                "BSD-2-Clause"
            ],
            "authors": [
                {
                    "name": "Jakub Onderka",
                    "email": "jakub.onderka@gmail.com",
                    "homepage": "http://www.acci.cz"
                }
            ],
            "time": "2014-04-08 15:00:19"
        },
        {
            "name": "jakub-onderka/php-console-highlighter",
            "version": "v0.3.2",
            "source": {
                "type": "git",
                "url": "https://github.com/JakubOnderka/PHP-Console-Highlighter.git",
                "reference": "7daa75df45242c8d5b75a22c00a201e7954e4fb5"
            },
            "dist": {
                "type": "zip",
                "url": "https://api.github.com/repos/JakubOnderka/PHP-Console-Highlighter/zipball/7daa75df45242c8d5b75a22c00a201e7954e4fb5",
                "reference": "7daa75df45242c8d5b75a22c00a201e7954e4fb5",
                "shasum": ""
            },
            "require": {
                "jakub-onderka/php-console-color": "~0.1",
                "php": ">=5.3.0"
            },
            "require-dev": {
                "jakub-onderka/php-code-style": "~1.0",
                "jakub-onderka/php-parallel-lint": "~0.5",
                "jakub-onderka/php-var-dump-check": "~0.1",
                "phpunit/phpunit": "~4.0",
                "squizlabs/php_codesniffer": "~1.5"
            },
            "type": "library",
            "autoload": {
                "psr-0": {
                    "JakubOnderka\\PhpConsoleHighlighter": "src/"
                }
            },
            "notification-url": "https://packagist.org/downloads/",
            "license": [
                "MIT"
            ],
            "authors": [
                {
                    "name": "Jakub Onderka",
                    "email": "acci@acci.cz",
                    "homepage": "http://www.acci.cz/"
                }
            ],
            "time": "2015-04-20 18:58:01"
        },
        {
            "name": "memio/linter",
            "version": "v1.0.2",
            "source": {
                "type": "git",
                "url": "https://github.com/memio/linter.git",
                "reference": "76286a4ea75c457946a2b5b68d793d6362d870b4"
            },
            "dist": {
                "type": "zip",
                "url": "https://api.github.com/repos/memio/linter/zipball/76286a4ea75c457946a2b5b68d793d6362d870b4",
                "reference": "76286a4ea75c457946a2b5b68d793d6362d870b4",
                "shasum": ""
            },
            "require": {
                "memio/model": "^1.0",
                "memio/validator": "^1.0",
                "php": "^5.3|^7.0"
            },
            "require-dev": {
                "fabpot/php-cs-fixer": "^1.6",
                "phpspec/phpspec": "^2.4"
            },
            "type": "library",
            "autoload": {
                "psr-4": {
                    "Memio\\Linter\\": "src/Memio/Linter"
                }
            },
            "notification-url": "https://packagist.org/downloads/",
            "license": [
                "MIT"
            ],
            "authors": [
                {
                    "name": "Loïc Faugeron",
                    "email": "faugeron.loic@gmail.com",
                    "homepage": "http://gnugat.github.io",
                    "role": "Developer"
                }
            ],
            "description": "Memio's linter, a set of constraint that check models for syntax errors",
            "homepage": "http://memio.github.io/memio",
            "keywords": [
                "code",
                "generator",
                "php"
            ],
            "time": "2015-12-01 16:44:02"
        },
        {
            "name": "memio/memio",
            "version": "v1.1.1",
            "source": {
                "type": "git",
                "url": "https://github.com/memio/memio.git",
                "reference": "370d1fc0568a8eb4bc4bf25f7114a590b2717cb9"
            },
            "dist": {
                "type": "zip",
                "url": "https://api.github.com/repos/memio/memio/zipball/370d1fc0568a8eb4bc4bf25f7114a590b2717cb9",
                "reference": "370d1fc0568a8eb4bc4bf25f7114a590b2717cb9",
                "shasum": ""
            },
            "require": {
                "memio/linter": "^1.0",
                "memio/model": "^1.3",
                "memio/pretty-printer": "^1.0",
                "memio/twig-template-engine": "^1.2",
                "memio/validator": "^1.0",
                "php": "^5.3|^7.0"
            },
            "require-dev": {
                "fabpot/php-cs-fixer": "^1.6",
                "phpunit/phpunit": "^4.6|^5.0"
            },
            "type": "library",
            "autoload": {
                "psr-4": {
                    "Memio\\Memio\\": "src/Memio/Memio",
                    "Memio\\Memio\\Config\\": "config"
                }
            },
            "notification-url": "https://packagist.org/downloads/",
            "license": [
                "MIT"
            ],
            "authors": [
                {
                    "name": "Loïc Faugeron",
                    "email": "faugeron.loic@gmail.com",
                    "homepage": "http://gnugat.github.io",
                    "role": "Developer"
                }
            ],
            "description": "A highly opinionated PHP code generator library",
            "homepage": "http://memio.github.io/memio",
            "keywords": [
                "code",
                "generator",
                "php"
            ],
            "time": "2015-12-01 17:28:21"
        },
        {
            "name": "memio/model",
            "version": "v1.4.1",
            "source": {
                "type": "git",
                "url": "https://github.com/memio/model.git",
                "reference": "fbf1a4e4f610424b0600ec0d58e8ab9b55ba53e7"
            },
            "dist": {
                "type": "zip",
                "url": "https://api.github.com/repos/memio/model/zipball/fbf1a4e4f610424b0600ec0d58e8ab9b55ba53e7",
                "reference": "fbf1a4e4f610424b0600ec0d58e8ab9b55ba53e7",
                "shasum": ""
            },
            "require": {
                "php": "^5.3|^7.0"
            },
            "require-dev": {
                "fabpot/php-cs-fixer": "^1.6",
                "phpspec/phpspec": "^2.4"
            },
            "type": "library",
            "autoload": {
                "psr-4": {
                    "Memio\\Model\\": "src/Memio/Model"
                }
            },
            "notification-url": "https://packagist.org/downloads/",
            "license": [
                "MIT"
            ],
            "authors": [
                {
                    "name": "Loïc Faugeron",
                    "email": "faugeron.loic@gmail.com",
                    "homepage": "http://gnugat.github.io",
                    "role": "Developer"
                }
            ],
            "description": "Memio's models, used to describe the code to generate",
            "homepage": "http://memio.github.io/memio",
            "keywords": [
                "code",
                "generator",
                "php"
            ],
            "time": "2015-12-01 17:21:08"
        },
        {
            "name": "memio/pretty-printer",
            "version": "v1.0.3",
            "source": {
                "type": "git",
                "url": "https://github.com/memio/pretty-printer.git",
                "reference": "d0365eb3afbd1fd417698b89002e31afa9ce3174"
            },
            "dist": {
                "type": "zip",
                "url": "https://api.github.com/repos/memio/pretty-printer/zipball/d0365eb3afbd1fd417698b89002e31afa9ce3174",
                "reference": "d0365eb3afbd1fd417698b89002e31afa9ce3174",
                "shasum": ""
            },
            "require": {
                "memio/model": "^1.0",
                "php": "^5.3|^7.0"
            },
            "require-dev": {
                "fabpot/php-cs-fixer": "^1.6",
                "phpspec/phpspec": "^2.4"
            },
            "type": "library",
            "autoload": {
                "psr-4": {
                    "Memio\\PrettyPrinter\\": "src/Memio/PrettyPrinter"
                }
            },
            "notification-url": "https://packagist.org/downloads/",
            "license": [
                "MIT"
            ],
            "authors": [
                {
                    "name": "Loïc Faugeron",
                    "email": "faugeron.loic@gmail.com",
                    "homepage": "http://gnugat.github.io",
                    "role": "Developer"
                }
            ],
            "description": "Memio's PrettyPrinter, used to generate PHP code from given Model",
            "homepage": "http://memio.github.io/memio",
            "keywords": [
                "code",
                "generator",
                "php"
            ],
            "time": "2015-12-01 11:11:18"
        },
        {
            "name": "memio/twig-template-engine",
            "version": "v1.2.6",
            "source": {
                "type": "git",
                "url": "https://github.com/memio/twig-template-engine.git",
                "reference": "237ee7461fec7cebc3ae906d9f7b16d7a1fa99d4"
            },
            "dist": {
                "type": "zip",
                "url": "https://api.github.com/repos/memio/twig-template-engine/zipball/237ee7461fec7cebc3ae906d9f7b16d7a1fa99d4",
                "reference": "237ee7461fec7cebc3ae906d9f7b16d7a1fa99d4",
                "shasum": ""
            },
            "require": {
                "memio/model": "^1.3",
                "memio/pretty-printer": "^1.0",
                "php": "^5.3|^7.0",
                "twig/twig": "^1.18"
            },
            "require-dev": {
                "fabpot/php-cs-fixer": "^1.6",
                "phpspec/phpspec": "^2.4"
            },
            "type": "library",
            "autoload": {
                "psr-4": {
                    "Memio\\TwigTemplateEngine\\": "src/Memio/TwigTemplateEngine",
                    "Memio\\TwigTemplateEngine\\Config\\": "config"
                }
            },
            "notification-url": "https://packagist.org/downloads/",
            "license": [
                "MIT"
            ],
            "authors": [
                {
                    "name": "Loïc Faugeron",
                    "email": "faugeron.loic@gmail.com",
                    "homepage": "http://gnugat.github.io",
                    "role": "Developer"
                }
            ],
            "description": "Memio's Twig templates, used to generate PHP code from given Model",
            "homepage": "http://memio.github.io/memio",
            "keywords": [
                "code",
                "generator",
                "php",
                "templates",
                "twig"
            ],
            "time": "2015-12-21 16:30:46"
        },
        {
            "name": "memio/validator",
            "version": "v1.0.2",
            "source": {
                "type": "git",
                "url": "https://github.com/memio/validator.git",
                "reference": "5424fd8b43c833bfa634551fc5cb46962124900d"
            },
            "dist": {
                "type": "zip",
                "url": "https://api.github.com/repos/memio/validator/zipball/5424fd8b43c833bfa634551fc5cb46962124900d",
                "reference": "5424fd8b43c833bfa634551fc5cb46962124900d",
                "shasum": ""
            },
            "require": {
                "memio/model": "^1.0",
                "php": "^5.3|^7.0"
            },
            "require-dev": {
                "fabpot/php-cs-fixer": "^1.6",
                "phpspec/phpspec": "^2.4"
            },
            "type": "library",
            "autoload": {
                "psr-4": {
                    "Memio\\Validator\\": "src/Memio/Validator"
                }
            },
            "notification-url": "https://packagist.org/downloads/",
            "license": [
                "MIT"
            ],
            "authors": [
                {
                    "name": "Loïc Faugeron",
                    "email": "faugeron.loic@gmail.com",
                    "homepage": "http://gnugat.github.io",
                    "role": "Developer"
                }
            ],
            "description": "Memio's validator, used to check built models again a pre-defined set of rules",
            "homepage": "http://memio.github.io/memio",
            "keywords": [
                "code",
                "generator",
                "php"
            ],
            "time": "2015-12-01 16:49:43"
        },
        {
            "name": "nikic/php-parser",
            "version": "v2.1.1",
            "source": {
                "type": "git",
                "url": "https://github.com/nikic/PHP-Parser.git",
                "reference": "4dd659edadffdc2143e4753df655d866dbfeedf0"
            },
            "dist": {
                "type": "zip",
                "url": "https://api.github.com/repos/nikic/PHP-Parser/zipball/4dd659edadffdc2143e4753df655d866dbfeedf0",
                "reference": "4dd659edadffdc2143e4753df655d866dbfeedf0",
                "shasum": ""
            },
            "require": {
                "ext-tokenizer": "*",
                "php": ">=5.4"
            },
            "require-dev": {
                "phpunit/phpunit": "~4.0"
            },
            "bin": [
                "bin/php-parse"
            ],
            "type": "library",
            "extra": {
                "branch-alias": {
                    "dev-master": "2.1-dev"
                }
            },
            "autoload": {
                "psr-4": {
                    "PhpParser\\": "lib/PhpParser"
                }
            },
            "notification-url": "https://packagist.org/downloads/",
            "license": [
                "BSD-3-Clause"
            ],
            "authors": [
                {
                    "name": "Nikita Popov"
                }
            ],
            "description": "A PHP parser written in PHP",
            "keywords": [
                "parser",
                "php"
            ],
            "time": "2016-09-16 12:04:44"
        },
        {
            "name": "phpdocumentor/reflection-docblock",
            "version": "2.0.4",
            "source": {
                "type": "git",
                "url": "https://github.com/phpDocumentor/ReflectionDocBlock.git",
                "reference": "d68dbdc53dc358a816f00b300704702b2eaff7b8"
            },
            "dist": {
                "type": "zip",
                "url": "https://api.github.com/repos/phpDocumentor/ReflectionDocBlock/zipball/d68dbdc53dc358a816f00b300704702b2eaff7b8",
                "reference": "d68dbdc53dc358a816f00b300704702b2eaff7b8",
                "shasum": ""
            },
            "require": {
                "php": ">=5.3.3"
            },
            "require-dev": {
                "phpunit/phpunit": "~4.0"
            },
            "suggest": {
                "dflydev/markdown": "~1.0",
                "erusev/parsedown": "~1.0"
            },
            "type": "library",
            "extra": {
                "branch-alias": {
                    "dev-master": "2.0.x-dev"
                }
            },
            "autoload": {
                "psr-0": {
                    "phpDocumentor": [
                        "src/"
                    ]
                }
            },
            "notification-url": "https://packagist.org/downloads/",
            "license": [
                "MIT"
            ],
            "authors": [
                {
                    "name": "Mike van Riel",
                    "email": "mike.vanriel@naenius.com"
                }
            ],
            "time": "2015-02-03 12:10:50"
        },
        {
            "name": "pimple/pimple",
            "version": "v3.0.2",
            "source": {
                "type": "git",
                "url": "https://github.com/silexphp/Pimple.git",
                "reference": "a30f7d6e57565a2e1a316e1baf2a483f788b258a"
            },
            "dist": {
                "type": "zip",
                "url": "https://api.github.com/repos/silexphp/Pimple/zipball/a30f7d6e57565a2e1a316e1baf2a483f788b258a",
                "reference": "a30f7d6e57565a2e1a316e1baf2a483f788b258a",
                "shasum": ""
            },
            "require": {
                "php": ">=5.3.0"
            },
            "type": "library",
            "extra": {
                "branch-alias": {
                    "dev-master": "3.0.x-dev"
                }
            },
            "autoload": {
                "psr-0": {
                    "Pimple": "src/"
                }
            },
            "notification-url": "https://packagist.org/downloads/",
            "license": [
                "MIT"
            ],
            "authors": [
                {
                    "name": "Fabien Potencier",
                    "email": "fabien@symfony.com"
                }
            ],
            "description": "Pimple, a simple Dependency Injection Container",
            "homepage": "http://pimple.sensiolabs.org",
            "keywords": [
                "container",
                "dependency injection"
            ],
            "time": "2015-09-11 15:10:35"
        },
        {
            "name": "psr/log",
            "version": "1.0.2",
            "source": {
                "type": "git",
                "url": "https://github.com/php-fig/log.git",
                "reference": "4ebe3a8bf773a19edfe0a84b6585ba3d401b724d"
            },
            "dist": {
                "type": "zip",
                "url": "https://api.github.com/repos/php-fig/log/zipball/4ebe3a8bf773a19edfe0a84b6585ba3d401b724d",
                "reference": "4ebe3a8bf773a19edfe0a84b6585ba3d401b724d",
                "shasum": ""
            },
            "require": {
                "php": ">=5.3.0"
            },
            "type": "library",
            "extra": {
                "branch-alias": {
                    "dev-master": "1.0.x-dev"
                }
            },
            "autoload": {
                "psr-4": {
                    "Psr\\Log\\": "Psr/Log/"
                }
            },
            "notification-url": "https://packagist.org/downloads/",
            "license": [
                "MIT"
            ],
            "authors": [
                {
                    "name": "PHP-FIG",
                    "homepage": "http://www.php-fig.org/"
                }
            ],
            "description": "Common interface for logging libraries",
            "homepage": "https://github.com/php-fig/log",
            "keywords": [
                "log",
                "psr",
                "psr-3"
            ],
            "time": "2016-10-10 12:19:37"
        },
        {
            "name": "psy/psysh",
            "version": "v0.7.2",
            "source": {
                "type": "git",
                "url": "https://github.com/bobthecow/psysh.git",
                "reference": "e64e10b20f8d229cac76399e1f3edddb57a0f280"
            },
            "dist": {
                "type": "zip",
                "url": "https://api.github.com/repos/bobthecow/psysh/zipball/e64e10b20f8d229cac76399e1f3edddb57a0f280",
                "reference": "e64e10b20f8d229cac76399e1f3edddb57a0f280",
                "shasum": ""
            },
            "require": {
                "dnoegel/php-xdg-base-dir": "0.1",
                "jakub-onderka/php-console-highlighter": "0.3.*",
                "nikic/php-parser": "^1.2.1|~2.0",
                "php": ">=5.3.9",
                "symfony/console": "~2.3.10|^2.4.2|~3.0",
                "symfony/var-dumper": "~2.7|~3.0"
            },
            "require-dev": {
                "fabpot/php-cs-fixer": "~1.5",
                "phpunit/phpunit": "~3.7|~4.0|~5.0",
                "squizlabs/php_codesniffer": "~2.0",
                "symfony/finder": "~2.1|~3.0"
            },
            "suggest": {
                "ext-pcntl": "Enabling the PCNTL extension makes PsySH a lot happier :)",
                "ext-pdo-sqlite": "The doc command requires SQLite to work.",
                "ext-posix": "If you have PCNTL, you'll want the POSIX extension as well.",
                "ext-readline": "Enables support for arrow-key history navigation, and showing and manipulating command history."
            },
            "bin": [
                "bin/psysh"
            ],
            "type": "library",
            "extra": {
                "branch-alias": {
                    "dev-develop": "0.8.x-dev"
                }
            },
            "autoload": {
                "files": [
                    "src/Psy/functions.php"
                ],
                "psr-4": {
                    "Psy\\": "src/Psy/"
                }
            },
            "notification-url": "https://packagist.org/downloads/",
            "license": [
                "MIT"
            ],
            "authors": [
                {
                    "name": "Justin Hileman",
                    "email": "justin@justinhileman.info",
                    "homepage": "http://justinhileman.com"
                }
            ],
            "description": "An interactive shell for modern PHP.",
            "homepage": "http://psysh.org",
            "keywords": [
                "REPL",
                "console",
                "interactive",
                "shell"
            ],
            "time": "2016-03-09 05:03:14"
        },
        {
            "name": "symfony/console",
            "version": "v2.8.14",
            "source": {
                "type": "git",
                "url": "https://github.com/symfony/console.git",
                "reference": "a871ba00e0f604dceac64c56c27f99fbeaf4854e"
            },
            "dist": {
                "type": "zip",
                "url": "https://api.github.com/repos/symfony/console/zipball/a871ba00e0f604dceac64c56c27f99fbeaf4854e",
                "reference": "a871ba00e0f604dceac64c56c27f99fbeaf4854e",
                "shasum": ""
            },
            "require": {
                "php": ">=5.3.9",
                "symfony/debug": "~2.7,>=2.7.2|~3.0.0",
                "symfony/polyfill-mbstring": "~1.0"
            },
            "require-dev": {
                "psr/log": "~1.0",
                "symfony/event-dispatcher": "~2.1|~3.0.0",
                "symfony/process": "~2.1|~3.0.0"
            },
            "suggest": {
                "psr/log": "For using the console logger",
                "symfony/event-dispatcher": "",
                "symfony/process": ""
            },
            "type": "library",
            "extra": {
                "branch-alias": {
                    "dev-master": "2.8-dev"
                }
            },
            "autoload": {
                "psr-4": {
                    "Symfony\\Component\\Console\\": ""
                },
                "exclude-from-classmap": [
                    "/Tests/"
                ]
            },
            "notification-url": "https://packagist.org/downloads/",
            "license": [
                "MIT"
            ],
            "authors": [
                {
                    "name": "Fabien Potencier",
                    "email": "fabien@symfony.com"
                },
                {
                    "name": "Symfony Community",
                    "homepage": "https://symfony.com/contributors"
                }
            ],
            "description": "Symfony Console Component",
            "homepage": "https://symfony.com",
            "time": "2016-11-15 23:02:12"
        },
        {
            "name": "symfony/debug",
            "version": "v3.0.9",
            "source": {
                "type": "git",
                "url": "https://github.com/symfony/debug.git",
                "reference": "697c527acd9ea1b2d3efac34d9806bf255278b0a"
            },
            "dist": {
                "type": "zip",
                "url": "https://api.github.com/repos/symfony/debug/zipball/697c527acd9ea1b2d3efac34d9806bf255278b0a",
                "reference": "697c527acd9ea1b2d3efac34d9806bf255278b0a",
                "shasum": ""
            },
            "require": {
                "php": ">=5.5.9",
                "psr/log": "~1.0"
            },
            "conflict": {
                "symfony/http-kernel": ">=2.3,<2.3.24|~2.4.0|>=2.5,<2.5.9|>=2.6,<2.6.2"
            },
            "require-dev": {
                "symfony/class-loader": "~2.8|~3.0",
                "symfony/http-kernel": "~2.8|~3.0"
            },
            "type": "library",
            "extra": {
                "branch-alias": {
                    "dev-master": "3.0-dev"
                }
            },
            "autoload": {
                "psr-4": {
                    "Symfony\\Component\\Debug\\": ""
                },
                "exclude-from-classmap": [
                    "/Tests/"
                ]
            },
            "notification-url": "https://packagist.org/downloads/",
            "license": [
                "MIT"
            ],
            "authors": [
                {
                    "name": "Fabien Potencier",
                    "email": "fabien@symfony.com"
                },
                {
                    "name": "Symfony Community",
                    "homepage": "https://symfony.com/contributors"
                }
            ],
            "description": "Symfony Debug Component",
            "homepage": "https://symfony.com",
            "time": "2016-07-30 07:22:48"
        },
        {
            "name": "symfony/http-foundation",
            "version": "v2.8.14",
            "source": {
                "type": "git",
                "url": "https://github.com/symfony/http-foundation.git",
                "reference": "4f8c167732bbf3ba4284c0915f57b332091f6b68"
            },
            "dist": {
                "type": "zip",
                "url": "https://api.github.com/repos/symfony/http-foundation/zipball/4f8c167732bbf3ba4284c0915f57b332091f6b68",
                "reference": "4f8c167732bbf3ba4284c0915f57b332091f6b68",
                "shasum": ""
            },
            "require": {
                "php": ">=5.3.9",
                "symfony/polyfill-mbstring": "~1.1",
                "symfony/polyfill-php54": "~1.0",
                "symfony/polyfill-php55": "~1.0"
            },
            "require-dev": {
                "symfony/expression-language": "~2.4|~3.0.0"
            },
            "type": "library",
            "extra": {
                "branch-alias": {
                    "dev-master": "2.8-dev"
                }
            },
            "autoload": {
                "psr-4": {
                    "Symfony\\Component\\HttpFoundation\\": ""
                },
                "exclude-from-classmap": [
                    "/Tests/"
                ]
            },
            "notification-url": "https://packagist.org/downloads/",
            "license": [
                "MIT"
            ],
            "authors": [
                {
                    "name": "Fabien Potencier",
                    "email": "fabien@symfony.com"
                },
                {
                    "name": "Symfony Community",
                    "homepage": "https://symfony.com/contributors"
                }
            ],
            "description": "Symfony HttpFoundation Component",
            "homepage": "https://symfony.com",
            "time": "2016-11-15 23:02:12"
        },
        {
            "name": "symfony/polyfill-mbstring",
            "version": "v1.3.0",
            "source": {
                "type": "git",
                "url": "https://github.com/symfony/polyfill-mbstring.git",
                "reference": "e79d363049d1c2128f133a2667e4f4190904f7f4"
            },
            "dist": {
                "type": "zip",
                "url": "https://api.github.com/repos/symfony/polyfill-mbstring/zipball/e79d363049d1c2128f133a2667e4f4190904f7f4",
                "reference": "e79d363049d1c2128f133a2667e4f4190904f7f4",
                "shasum": ""
            },
            "require": {
                "php": ">=5.3.3"
            },
            "suggest": {
                "ext-mbstring": "For best performance"
            },
            "type": "library",
            "extra": {
                "branch-alias": {
                    "dev-master": "1.3-dev"
                }
            },
            "autoload": {
                "psr-4": {
                    "Symfony\\Polyfill\\Mbstring\\": ""
                },
                "files": [
                    "bootstrap.php"
                ]
            },
            "notification-url": "https://packagist.org/downloads/",
            "license": [
                "MIT"
            ],
            "authors": [
                {
                    "name": "Nicolas Grekas",
                    "email": "p@tchwork.com"
                },
                {
                    "name": "Symfony Community",
                    "homepage": "https://symfony.com/contributors"
                }
            ],
            "description": "Symfony polyfill for the Mbstring extension",
            "homepage": "https://symfony.com",
            "keywords": [
                "compatibility",
                "mbstring",
                "polyfill",
                "portable",
                "shim"
            ],
            "time": "2016-11-14 01:06:16"
        },
        {
            "name": "symfony/polyfill-php54",
            "version": "v1.3.0",
            "source": {
                "type": "git",
                "url": "https://github.com/symfony/polyfill-php54.git",
                "reference": "90e085822963fdcc9d1c5b73deb3d2e5783b16a0"
            },
            "dist": {
                "type": "zip",
                "url": "https://api.github.com/repos/symfony/polyfill-php54/zipball/90e085822963fdcc9d1c5b73deb3d2e5783b16a0",
                "reference": "90e085822963fdcc9d1c5b73deb3d2e5783b16a0",
                "shasum": ""
            },
            "require": {
                "php": ">=5.3.3"
            },
            "type": "library",
            "extra": {
                "branch-alias": {
                    "dev-master": "1.3-dev"
                }
            },
            "autoload": {
                "psr-4": {
                    "Symfony\\Polyfill\\Php54\\": ""
                },
                "files": [
                    "bootstrap.php"
                ],
                "classmap": [
                    "Resources/stubs"
                ]
            },
            "notification-url": "https://packagist.org/downloads/",
            "license": [
                "MIT"
            ],
            "authors": [
                {
                    "name": "Nicolas Grekas",
                    "email": "p@tchwork.com"
                },
                {
                    "name": "Symfony Community",
                    "homepage": "https://symfony.com/contributors"
                }
            ],
            "description": "Symfony polyfill backporting some PHP 5.4+ features to lower PHP versions",
            "homepage": "https://symfony.com",
            "keywords": [
                "compatibility",
                "polyfill",
                "portable",
                "shim"
            ],
            "time": "2016-11-14 01:06:16"
        },
        {
            "name": "symfony/polyfill-php55",
            "version": "v1.3.0",
            "source": {
                "type": "git",
                "url": "https://github.com/symfony/polyfill-php55.git",
                "reference": "03e3f0350bca2220e3623a0e340eef194405fc67"
            },
            "dist": {
                "type": "zip",
                "url": "https://api.github.com/repos/symfony/polyfill-php55/zipball/03e3f0350bca2220e3623a0e340eef194405fc67",
                "reference": "03e3f0350bca2220e3623a0e340eef194405fc67",
                "shasum": ""
            },
            "require": {
                "ircmaxell/password-compat": "~1.0",
                "php": ">=5.3.3"
            },
            "type": "library",
            "extra": {
                "branch-alias": {
                    "dev-master": "1.3-dev"
                }
            },
            "autoload": {
                "psr-4": {
                    "Symfony\\Polyfill\\Php55\\": ""
                },
                "files": [
                    "bootstrap.php"
                ]
            },
            "notification-url": "https://packagist.org/downloads/",
            "license": [
                "MIT"
            ],
            "authors": [
                {
                    "name": "Nicolas Grekas",
                    "email": "p@tchwork.com"
                },
                {
                    "name": "Symfony Community",
                    "homepage": "https://symfony.com/contributors"
                }
            ],
            "description": "Symfony polyfill backporting some PHP 5.5+ features to lower PHP versions",
            "homepage": "https://symfony.com",
            "keywords": [
                "compatibility",
                "polyfill",
                "portable",
                "shim"
            ],
            "time": "2016-11-14 01:06:16"
        },
        {
            "name": "symfony/var-dumper",
            "version": "v3.2.0",
            "source": {
                "type": "git",
                "url": "https://github.com/symfony/var-dumper.git",
                "reference": "86f4e8aeb07bd5fb467f6bdd599a30298d19fa5f"
            },
            "dist": {
                "type": "zip",
                "url": "https://api.github.com/repos/symfony/var-dumper/zipball/86f4e8aeb07bd5fb467f6bdd599a30298d19fa5f",
                "reference": "86f4e8aeb07bd5fb467f6bdd599a30298d19fa5f",
                "shasum": ""
            },
            "require": {
                "php": ">=5.5.9",
                "symfony/polyfill-mbstring": "~1.0"
            },
            "require-dev": {
                "twig/twig": "~1.20|~2.0"
            },
            "suggest": {
                "ext-symfony_debug": ""
            },
            "type": "library",
            "extra": {
                "branch-alias": {
                    "dev-master": "3.2-dev"
                }
            },
            "autoload": {
                "files": [
                    "Resources/functions/dump.php"
                ],
                "psr-4": {
                    "Symfony\\Component\\VarDumper\\": ""
                },
                "exclude-from-classmap": [
                    "/Tests/"
                ]
            },
            "notification-url": "https://packagist.org/downloads/",
            "license": [
                "MIT"
            ],
            "authors": [
                {
                    "name": "Nicolas Grekas",
                    "email": "p@tchwork.com"
                },
                {
                    "name": "Symfony Community",
                    "homepage": "https://symfony.com/contributors"
                }
            ],
            "description": "Symfony mechanism for exploring and dumping PHP variables",
            "homepage": "https://symfony.com",
            "keywords": [
                "debug",
                "dump"
            ],
            "time": "2016-11-29 10:33:09"
        },
        {
            "name": "twig/twig",
            "version": "v1.28.1",
            "source": {
                "type": "git",
                "url": "https://github.com/twigphp/Twig.git",
                "reference": "fff80c4a7ae1d47a81dfec10c76cbcb939170b45"
            },
            "dist": {
                "type": "zip",
                "url": "https://api.github.com/repos/twigphp/Twig/zipball/fff80c4a7ae1d47a81dfec10c76cbcb939170b45",
                "reference": "fff80c4a7ae1d47a81dfec10c76cbcb939170b45",
                "shasum": ""
            },
            "require": {
                "php": ">=5.2.7"
            },
            "require-dev": {
                "symfony/debug": "~2.7",
                "symfony/phpunit-bridge": "~2.7"
            },
            "type": "library",
            "extra": {
                "branch-alias": {
                    "dev-master": "1.28-dev"
                }
            },
            "autoload": {
                "psr-0": {
                    "Twig_": "lib/"
                }
            },
            "notification-url": "https://packagist.org/downloads/",
            "license": [
                "BSD-3-Clause"
            ],
            "authors": [
                {
                    "name": "Fabien Potencier",
                    "email": "fabien@symfony.com",
                    "homepage": "http://fabien.potencier.org",
                    "role": "Lead Developer"
                },
                {
                    "name": "Armin Ronacher",
                    "email": "armin.ronacher@active-4.com",
                    "role": "Project Founder"
                },
                {
                    "name": "Twig Team",
                    "homepage": "http://twig.sensiolabs.org/contributors",
                    "role": "Contributors"
                }
            ],
            "description": "Twig, the flexible, fast, and secure template language for PHP",
            "homepage": "http://twig.sensiolabs.org",
            "keywords": [
                "templating"
            ],
            "time": "2016-11-19 05:52:49"
        }
    ],
    "packages-dev": [],
    "aliases": [],
    "minimum-stability": "stable",
    "stability-flags": {
        "ifsnop/mysqldump-php": 20,
        "psy/psysh": 0
    },
    "prefer-stable": false,
    "prefer-lowest": false,
    "platform": [],
    "platform-dev": []
}
