{
    "_readme": [
        "This file locks the dependencies of your project to a known state",
        "Read more about it at https://getcomposer.org/doc/01-basic-usage.md#installing-dependencies",
        "This file is @generated automatically"
    ],
    "content-hash": "86394bb8e66a26bd2bf2200646bade48",
    "packages": [
        {
            "name": "tecnickcom/tc-lib-barcode",
            "version": "2.13.3",
            "source": {
                "type": "git",
                "url": "https://github.com/tecnickcom/tc-lib-barcode.git",
                "reference": "8994a6b7a50a2767791d69e4b76f9c3f9f2064e7"
            },
            "dist": {
                "type": "zip",
                "url": "https://api.github.com/repos/tecnickcom/tc-lib-barcode/zipball/8994a6b7a50a2767791d69e4b76f9c3f9f2064e7",
                "reference": "8994a6b7a50a2767791d69e4b76f9c3f9f2064e7",
                "shasum": ""
            },
            "require": {
                "ext-ctype": "*",
                "ext-gd": "*",
                "ext-pcre": "*",
                "php": ">=8.2",
                "tecnickcom/tc-lib-color": "^2.13"
            },
            "require-dev": {
                "pdepend/pdepend": "^2.16",
                "phpunit/phpunit": "^11.5 || ^12.5 || ^13.3"
            },
            "suggest": {
                "ext-bcmath": "Speeds up the arbitrary precision arithmetic used by the IMB and PDF417 barcode types (a pure-PHP implementation is used when missing)",
                "ext-imagick": "Alternative PNG renderer used by getPngData() when the extension is loaded"
            },
            "type": "library",
            "autoload": {
                "psr-4": {
                    "Com\\Tecnick\\Barcode\\": "src"
                }
            },
            "notification-url": "https://packagist.org/downloads/",
            "license": [
                "LGPL-3.0-or-later"
            ],
            "authors": [
                {
                    "name": "Nicola Asuni",
                    "email": "info@tecnick.com",
                    "role": "lead"
                }
            ],
            "description": "PHP library to generate linear and bidimensional barcodes",
            "homepage": "https://tcpdf.org",
            "keywords": [
                "3 of 9",
                "ANSI MH10.8M-1983",
                "CBC",
                "CODABAR",
                "CODE 11",
                "CODE 128 A B C",
                "CODE 39",
                "CODE 93",
                "EAN 13",
                "EAN 8",
                "ECC200",
                "ISO IEC 15438 2006",
                "ISO IEC 16022",
                "ISO IEC 24778 2008",
                "Intelligent Mail Barcode",
                "Interleaved 2 of 5",
                "KIX",
                "Klant",
                "MSI",
                "Onecode",
                "PHARMACODE",
                "PHARMACODE TWO-TRACKS",
                "POSTNET",
                "RMS4CC",
                "Standard 2 of 5",
                "UPC-A",
                "UPC-E",
                "USD-3",
                "USPS-B-3200",
                "USS-93",
                "aztec",
                "barcode",
                "datamatrix",
                "pdf417",
                "planet",
                "qr-code",
                "royal mail",
                "tc-lib-barcode",
                "upc"
            ],
            "support": {
                "issues": "https://github.com/tecnickcom/tc-lib-barcode/issues",
                "source": "https://github.com/tecnickcom/tc-lib-barcode"
            },
            "funding": [
                {
                    "url": "https://github.com/sponsors/tecnickcom",
                    "type": "github"
                }
            ],
            "time": "2026-08-14T21:51:15+00:00"
        },
        {
            "name": "tecnickcom/tc-lib-color",
            "version": "2.13.4",
            "source": {
                "type": "git",
                "url": "https://github.com/tecnickcom/tc-lib-color.git",
                "reference": "96d5a04c09442614a3ee3baa30f3f22635923000"
            },
            "dist": {
                "type": "zip",
                "url": "https://api.github.com/repos/tecnickcom/tc-lib-color/zipball/96d5a04c09442614a3ee3baa30f3f22635923000",
                "reference": "96d5a04c09442614a3ee3baa30f3f22635923000",
                "shasum": ""
            },
            "require": {
                "ext-pcre": "*",
                "php": ">=8.2"
            },
            "require-dev": {
                "pdepend/pdepend": "^2.16",
                "phpunit/phpunit": "^11.5 || ^12.5 || ^13.3"
            },
            "type": "library",
            "autoload": {
                "psr-4": {
                    "Com\\Tecnick\\Color\\": "src"
                }
            },
            "notification-url": "https://packagist.org/downloads/",
            "license": [
                "LGPL-3.0-or-later"
            ],
            "authors": [
                {
                    "name": "Nicola Asuni",
                    "email": "info@tecnick.com",
                    "role": "lead"
                }
            ],
            "description": "PHP library to manipulate various color representations",
            "homepage": "https://tcpdf.org",
            "keywords": [
                "cmyk",
                "color",
                "colors",
                "colour",
                "colours",
                "hsl",
                "hsla",
                "javascript",
                "rgb",
                "rgba",
                "tc-lib-color",
                "web"
            ],
            "support": {
                "issues": "https://github.com/tecnickcom/tc-lib-color/issues",
                "source": "https://github.com/tecnickcom/tc-lib-color"
            },
            "funding": [
                {
                    "url": "https://github.com/sponsors/tecnickcom",
                    "type": "github"
                }
            ],
            "time": "2026-08-14T21:49:20+00:00"
        },
        {
            "name": "tecnickcom/tc-lib-file",
            "version": "3.7.4",
            "source": {
                "type": "git",
                "url": "https://github.com/tecnickcom/tc-lib-file.git",
                "reference": "d5f6e7b7512e7fef5b7a789de0e4da24456de83d"
            },
            "dist": {
                "type": "zip",
                "url": "https://api.github.com/repos/tecnickcom/tc-lib-file/zipball/d5f6e7b7512e7fef5b7a789de0e4da24456de83d",
                "reference": "d5f6e7b7512e7fef5b7a789de0e4da24456de83d",
                "shasum": ""
            },
            "require": {
                "ext-curl": "*",
                "ext-pcre": "*",
                "php": ">=8.2"
            },
            "require-dev": {
                "pdepend/pdepend": "^2.16",
                "phpunit/phpunit": "^13.2 || ^12.5 || ^11.5"
            },
            "suggest": {
                "ext-intl": "Enables Unicode NFC normalization when matching paths against the allowlist"
            },
            "type": "library",
            "autoload": {
                "psr-4": {
                    "Com\\Tecnick\\File\\": "src"
                }
            },
            "notification-url": "https://packagist.org/downloads/",
            "license": [
                "LGPL-3.0-or-later"
            ],
            "authors": [
                {
                    "name": "Nicola Asuni",
                    "email": "info@tecnick.com",
                    "role": "lead"
                }
            ],
            "description": "PHP library to read byte-level data from files",
            "homepage": "https://tcpdf.org",
            "keywords": [
                "Double",
                "bit",
                "byte",
                "file",
                "long",
                "read",
                "short",
                "tc-lib-file"
            ],
            "support": {
                "issues": "https://github.com/tecnickcom/tc-lib-file/issues",
                "source": "https://github.com/tecnickcom/tc-lib-file"
            },
            "funding": [
                {
                    "url": "https://github.com/sponsors/tecnickcom",
                    "type": "github"
                }
            ],
            "time": "2026-08-14T21:49:33+00:00"
        },
        {
            "name": "tecnickcom/tc-lib-pdf",
            "version": "8.70.0",
            "source": {
                "type": "git",
                "url": "https://github.com/tecnickcom/tc-lib-pdf.git",
                "reference": "ccb21032d6988df58b04443498c1484d78b473a4"
            },
            "dist": {
                "type": "zip",
                "url": "https://api.github.com/repos/tecnickcom/tc-lib-pdf/zipball/ccb21032d6988df58b04443498c1484d78b473a4",
                "reference": "ccb21032d6988df58b04443498c1484d78b473a4",
                "shasum": ""
            },
            "require": {
                "ext-ctype": "*",
                "ext-filter": "*",
                "ext-hash": "*",
                "ext-json": "*",
                "ext-mbstring": "*",
                "ext-openssl": "*",
                "ext-pcre": "*",
                "ext-xml": "*",
                "ext-zlib": "*",
                "php": ">=8.2",
                "tecnickcom/tc-lib-barcode": "^2.13",
                "tecnickcom/tc-lib-color": "^2.13",
                "tecnickcom/tc-lib-file": "^3.7",
                "tecnickcom/tc-lib-pdf-encrypt": "^2.10",
                "tecnickcom/tc-lib-pdf-font": "^4.2",
                "tecnickcom/tc-lib-pdf-graph": "^2.15",
                "tecnickcom/tc-lib-pdf-image": "^3.12",
                "tecnickcom/tc-lib-pdf-page": "^4.14",
                "tecnickcom/tc-lib-pdf-parser": "^3.14",
                "tecnickcom/tc-lib-pdf-sign": "^1.1",
                "tecnickcom/tc-lib-unicode": "^3.0",
                "tecnickcom/tc-lib-unicode-data": "^3.0"
            },
            "require-dev": {
                "pdepend/pdepend": "^2.16",
                "phpunit/phpunit": "^11.5 || ^12.5 || ^13.3"
            },
            "suggest": {
                "ext-curl": "Required to contact a Timestamp Authority (RFC 3161) when timestamping signatures",
                "ext-intl": "Enables Unicode NFC normalization of the PDF file name"
            },
            "type": "library",
            "autoload": {
                "psr-4": {
                    "Com\\Tecnick\\Pdf\\": "src"
                }
            },
            "notification-url": "https://packagist.org/downloads/",
            "license": [
                "LGPL-3.0-or-later"
            ],
            "authors": [
                {
                    "name": "Nicola Asuni",
                    "email": "info@tecnick.com",
                    "role": "lead"
                }
            ],
            "description": "PHP PDF Library",
            "homepage": "https://tcpdf.org",
            "keywords": [
                "PDFD32000-2008",
                "TCPDF",
                "document",
                "pdf",
                "tc-lib-pdf"
            ],
            "support": {
                "issues": "https://github.com/tecnickcom/tc-lib-pdf/issues",
                "source": "https://github.com/tecnickcom/tc-lib-pdf"
            },
            "funding": [
                {
                    "url": "https://github.com/sponsors/tecnickcom",
                    "type": "github"
                }
            ],
            "time": "2026-08-21T14:25:56+00:00"
        },
        {
            "name": "tecnickcom/tc-lib-pdf-encrypt",
            "version": "2.10.0",
            "source": {
                "type": "git",
                "url": "https://github.com/tecnickcom/tc-lib-pdf-encrypt.git",
                "reference": "b71bf83caa36043bbbbfa948a3d754e68dbccec8"
            },
            "dist": {
                "type": "zip",
                "url": "https://api.github.com/repos/tecnickcom/tc-lib-pdf-encrypt/zipball/b71bf83caa36043bbbbfa948a3d754e68dbccec8",
                "reference": "b71bf83caa36043bbbbfa948a3d754e68dbccec8",
                "shasum": ""
            },
            "require": {
                "ext-hash": "*",
                "ext-openssl": "*",
                "ext-pcre": "*",
                "php": ">=8.2"
            },
            "require-dev": {
                "pdepend/pdepend": "^2.16",
                "phpunit/phpunit": "^11.5 || ^12.5 || ^13.3"
            },
            "suggest": {
                "ext-posix": "Adds the process id to the random seed material"
            },
            "type": "library",
            "autoload": {
                "psr-4": {
                    "Com\\Tecnick\\Pdf\\Encrypt\\": "src"
                }
            },
            "notification-url": "https://packagist.org/downloads/",
            "license": [
                "LGPL-3.0-or-later"
            ],
            "authors": [
                {
                    "name": "Nicola Asuni",
                    "email": "info@tecnick.com",
                    "role": "lead"
                }
            ],
            "description": "PHP library to encrypt data for PDF",
            "homepage": "https://tcpdf.org",
            "keywords": [
                "aes",
                "encrypt",
                "encryption",
                "pdf",
                "rc4",
                "tc-lib-pdf-encrypt"
            ],
            "support": {
                "issues": "https://github.com/tecnickcom/tc-lib-pdf-encrypt/issues",
                "source": "https://github.com/tecnickcom/tc-lib-pdf-encrypt"
            },
            "funding": [
                {
                    "url": "https://github.com/sponsors/tecnickcom",
                    "type": "github"
                }
            ],
            "time": "2026-08-21T14:13:28+00:00"
        },
        {
            "name": "tecnickcom/tc-lib-pdf-filter",
            "version": "2.10.4",
            "source": {
                "type": "git",
                "url": "https://github.com/tecnickcom/tc-lib-pdf-filter.git",
                "reference": "63d505668c4d8b62d64bf036329a7a191486e510"
            },
            "dist": {
                "type": "zip",
                "url": "https://api.github.com/repos/tecnickcom/tc-lib-pdf-filter/zipball/63d505668c4d8b62d64bf036329a7a191486e510",
                "reference": "63d505668c4d8b62d64bf036329a7a191486e510",
                "shasum": ""
            },
            "require": {
                "ext-pcre": "*",
                "ext-zlib": "*",
                "php": ">=8.2"
            },
            "require-dev": {
                "pdepend/pdepend": "^2.16",
                "phpunit/phpunit": "^11.5 || ^12.5 || ^13.3"
            },
            "suggest": {
                "ext-imagick": "Required for the JPXDecode (JPEG 2000) and CCITTFaxDecode filters"
            },
            "type": "library",
            "autoload": {
                "psr-4": {
                    "Com\\Tecnick\\Pdf\\Filter\\": "src"
                }
            },
            "notification-url": "https://packagist.org/downloads/",
            "license": [
                "LGPL-3.0-or-later"
            ],
            "authors": [
                {
                    "name": "Nicola Asuni",
                    "email": "info@tecnick.com",
                    "role": "lead"
                }
            ],
            "description": "PHP library to decode PDF compression and encryption filters",
            "homepage": "https://tcpdf.org",
            "keywords": [
                "compression",
                "encryption",
                "filter",
                "pdf",
                "tc-lib-pdf-filter"
            ],
            "support": {
                "issues": "https://github.com/tecnickcom/tc-lib-pdf-filter/issues",
                "source": "https://github.com/tecnickcom/tc-lib-pdf-filter"
            },
            "funding": [
                {
                    "url": "https://github.com/sponsors/tecnickcom",
                    "type": "github"
                }
            ],
            "time": "2026-08-14T21:49:57+00:00"
        },
        {
            "name": "tecnickcom/tc-lib-pdf-font",
            "version": "4.2.1",
            "source": {
                "type": "git",
                "url": "https://github.com/tecnickcom/tc-lib-pdf-font.git",
                "reference": "61b104fa59eb13ea81e3201175e422097d7f2345"
            },
            "dist": {
                "type": "zip",
                "url": "https://api.github.com/repos/tecnickcom/tc-lib-pdf-font/zipball/61b104fa59eb13ea81e3201175e422097d7f2345",
                "reference": "61b104fa59eb13ea81e3201175e422097d7f2345",
                "shasum": ""
            },
            "require": {
                "ext-hash": "*",
                "ext-json": "*",
                "ext-pcre": "*",
                "ext-zlib": "*",
                "php": ">=8.2",
                "tecnickcom/tc-lib-file": "^3.7",
                "tecnickcom/tc-lib-pdf-encrypt": "^2.10",
                "tecnickcom/tc-lib-unicode-data": "^3.0"
            },
            "require-dev": {
                "pdepend/pdepend": "^2.16",
                "phpunit/phpunit": "^11.5 || ^12.5 || ^13.3"
            },
            "suggest": {
                "ext-iconv": "Decodes legacy Macintosh (MacRoman) TrueType name strings",
                "ext-mbstring": "Decodes UTF-16BE and Windows-1252 TrueType name strings"
            },
            "type": "library",
            "autoload": {
                "psr-4": {
                    "Com\\Tecnick\\Pdf\\Font\\": "src"
                }
            },
            "notification-url": "https://packagist.org/downloads/",
            "license": [
                "LGPL-3.0-or-later"
            ],
            "authors": [
                {
                    "name": "Nicola Asuni",
                    "email": "info@tecnick.com",
                    "role": "lead"
                }
            ],
            "description": "PHP library containing PDF font methods and utilities",
            "homepage": "https://tcpdf.org",
            "keywords": [
                "PFB",
                "afm",
                "font",
                "import",
                "pdf",
                "tc-lib-pdf-font",
                "ttf"
            ],
            "support": {
                "issues": "https://github.com/tecnickcom/tc-lib-pdf-font/issues",
                "source": "https://github.com/tecnickcom/tc-lib-pdf-font"
            },
            "funding": [
                {
                    "url": "https://github.com/sponsors/tecnickcom",
                    "type": "github"
                }
            ],
            "time": "2026-08-21T14:19:03+00:00"
        },
        {
            "name": "tecnickcom/tc-lib-pdf-graph",
            "version": "2.15.4",
            "source": {
                "type": "git",
                "url": "https://github.com/tecnickcom/tc-lib-pdf-graph.git",
                "reference": "a537de7c0ee9670a5550196b85c94966ce63c397"
            },
            "dist": {
                "type": "zip",
                "url": "https://api.github.com/repos/tecnickcom/tc-lib-pdf-graph/zipball/a537de7c0ee9670a5550196b85c94966ce63c397",
                "reference": "a537de7c0ee9670a5550196b85c94966ce63c397",
                "shasum": ""
            },
            "require": {
                "ext-zlib": "*",
                "php": ">=8.2",
                "tecnickcom/tc-lib-color": "^2.13",
                "tecnickcom/tc-lib-pdf-encrypt": "^2.10"
            },
            "require-dev": {
                "pdepend/pdepend": "^2.16",
                "phpunit/phpunit": "^11.5 || ^12.5 || ^13.3"
            },
            "type": "library",
            "autoload": {
                "psr-4": {
                    "Com\\Tecnick\\Pdf\\Graph\\": "src"
                }
            },
            "notification-url": "https://packagist.org/downloads/",
            "license": [
                "LGPL-3.0-or-later"
            ],
            "authors": [
                {
                    "name": "Nicola Asuni",
                    "email": "info@tecnick.com",
                    "role": "lead"
                }
            ],
            "description": "PHP library containing PDF graphic and geometric methods",
            "homepage": "https://tcpdf.org",
            "keywords": [
                "geometry",
                "graphic",
                "pdf",
                "tc-lib-pdf-graph",
                "transformation"
            ],
            "support": {
                "issues": "https://github.com/tecnickcom/tc-lib-pdf-graph/issues",
                "source": "https://github.com/tecnickcom/tc-lib-pdf-graph"
            },
            "funding": [
                {
                    "url": "https://github.com/sponsors/tecnickcom",
                    "type": "github"
                }
            ],
            "time": "2026-08-21T14:17:51+00:00"
        },
        {
            "name": "tecnickcom/tc-lib-pdf-image",
            "version": "3.12.4",
            "source": {
                "type": "git",
                "url": "https://github.com/tecnickcom/tc-lib-pdf-image.git",
                "reference": "960e1dca40cbe5622ba47ef50bb1a5b528d1abed"
            },
            "dist": {
                "type": "zip",
                "url": "https://api.github.com/repos/tecnickcom/tc-lib-pdf-image/zipball/960e1dca40cbe5622ba47ef50bb1a5b528d1abed",
                "reference": "960e1dca40cbe5622ba47ef50bb1a5b528d1abed",
                "shasum": ""
            },
            "require": {
                "ext-gd": "*",
                "ext-zlib": "*",
                "php": ">=8.2",
                "tecnickcom/tc-lib-color": "^2.13",
                "tecnickcom/tc-lib-file": "^3.7",
                "tecnickcom/tc-lib-pdf-encrypt": "^2.10"
            },
            "require-dev": {
                "pdepend/pdepend": "^2.16",
                "phpunit/phpunit": "^11.5 || ^12.5 || ^13.3"
            },
            "type": "library",
            "autoload": {
                "psr-4": {
                    "Com\\Tecnick\\Pdf\\Image\\": "src"
                }
            },
            "notification-url": "https://packagist.org/downloads/",
            "license": [
                "LGPL-3.0-or-later"
            ],
            "authors": [
                {
                    "name": "Nicola Asuni",
                    "email": "info@tecnick.com",
                    "role": "lead"
                }
            ],
            "description": "PHP library containing PDF Image methods",
            "homepage": "https://tcpdf.org",
            "keywords": [
                "image",
                "jpeg",
                "jpg",
                "pdf",
                "png",
                "tc-lib-pdf-image"
            ],
            "support": {
                "issues": "https://github.com/tecnickcom/tc-lib-pdf-image/issues",
                "source": "https://github.com/tecnickcom/tc-lib-pdf-image"
            },
            "funding": [
                {
                    "url": "https://github.com/sponsors/tecnickcom",
                    "type": "github"
                }
            ],
            "time": "2026-08-21T14:18:04+00:00"
        },
        {
            "name": "tecnickcom/tc-lib-pdf-page",
            "version": "4.14.4",
            "source": {
                "type": "git",
                "url": "https://github.com/tecnickcom/tc-lib-pdf-page.git",
                "reference": "babca2591b0b32315c8295692aa58ec6d49feb36"
            },
            "dist": {
                "type": "zip",
                "url": "https://api.github.com/repos/tecnickcom/tc-lib-pdf-page/zipball/babca2591b0b32315c8295692aa58ec6d49feb36",
                "reference": "babca2591b0b32315c8295692aa58ec6d49feb36",
                "shasum": ""
            },
            "require": {
                "ext-zlib": "*",
                "php": ">=8.2",
                "tecnickcom/tc-lib-color": "^2.13",
                "tecnickcom/tc-lib-pdf-encrypt": "^2.10"
            },
            "require-dev": {
                "pdepend/pdepend": "^2.16",
                "phpunit/phpunit": "^11.5 || ^12.5 || ^13.3"
            },
            "type": "library",
            "autoload": {
                "psr-4": {
                    "Com\\Tecnick\\Pdf\\Page\\": "src"
                }
            },
            "notification-url": "https://packagist.org/downloads/",
            "license": [
                "LGPL-3.0-or-later"
            ],
            "authors": [
                {
                    "name": "Nicola Asuni",
                    "email": "info@tecnick.com",
                    "role": "lead"
                }
            ],
            "description": "PHP library containing PDF page formats and definitions",
            "homepage": "https://tcpdf.org",
            "keywords": [
                "format",
                "page",
                "pdf",
                "tc-lib-pdf-page"
            ],
            "support": {
                "issues": "https://github.com/tecnickcom/tc-lib-pdf-page/issues",
                "source": "https://github.com/tecnickcom/tc-lib-pdf-page"
            },
            "funding": [
                {
                    "url": "https://github.com/sponsors/tecnickcom",
                    "type": "github"
                }
            ],
            "time": "2026-08-21T14:17:39+00:00"
        },
        {
            "name": "tecnickcom/tc-lib-pdf-parser",
            "version": "3.14.3",
            "source": {
                "type": "git",
                "url": "https://github.com/tecnickcom/tc-lib-pdf-parser.git",
                "reference": "887485042422d8c8d349eb9a970134a839eba223"
            },
            "dist": {
                "type": "zip",
                "url": "https://api.github.com/repos/tecnickcom/tc-lib-pdf-parser/zipball/887485042422d8c8d349eb9a970134a839eba223",
                "reference": "887485042422d8c8d349eb9a970134a839eba223",
                "shasum": ""
            },
            "require": {
                "ext-pcre": "*",
                "php": ">=8.2",
                "tecnickcom/tc-lib-pdf-filter": "^2.10"
            },
            "require-dev": {
                "pdepend/pdepend": "^2.16",
                "phpunit/phpunit": "^11.5 || ^12.5 || ^13.3"
            },
            "type": "library",
            "autoload": {
                "psr-4": {
                    "Com\\Tecnick\\Pdf\\Parser\\": "src"
                }
            },
            "notification-url": "https://packagist.org/downloads/",
            "license": [
                "LGPL-3.0-or-later"
            ],
            "authors": [
                {
                    "name": "Nicola Asuni",
                    "email": "info@tecnick.com",
                    "role": "lead"
                }
            ],
            "description": "PHP library to parse PDF documents",
            "homepage": "https://tcpdf.org",
            "keywords": [
                "document",
                "parser",
                "pdf",
                "tc-lib-pdf-parser"
            ],
            "support": {
                "issues": "https://github.com/tecnickcom/tc-lib-pdf-parser/issues",
                "source": "https://github.com/tecnickcom/tc-lib-pdf-parser"
            },
            "funding": [
                {
                    "url": "https://github.com/sponsors/tecnickcom",
                    "type": "github"
                }
            ],
            "time": "2026-08-14T21:52:20+00:00"
        },
        {
            "name": "tecnickcom/tc-lib-pdf-sign",
            "version": "1.1.4",
            "source": {
                "type": "git",
                "url": "https://github.com/tecnickcom/tc-lib-pdf-sign.git",
                "reference": "62502d77ef7766efdd3a2959e14f94bacc45e86a"
            },
            "dist": {
                "type": "zip",
                "url": "https://api.github.com/repos/tecnickcom/tc-lib-pdf-sign/zipball/62502d77ef7766efdd3a2959e14f94bacc45e86a",
                "reference": "62502d77ef7766efdd3a2959e14f94bacc45e86a",
                "shasum": ""
            },
            "require": {
                "ext-hash": "*",
                "ext-openssl": "*",
                "ext-pcre": "*",
                "php": ">=8.2"
            },
            "require-dev": {
                "pdepend/pdepend": "^2.16",
                "phpunit/phpunit": "^11.5 || ^12.5 || ^13.3"
            },
            "type": "library",
            "autoload": {
                "psr-4": {
                    "Com\\Tecnick\\Pdf\\Sign\\": "src"
                }
            },
            "notification-url": "https://packagist.org/downloads/",
            "license": [
                "LGPL-3.0-or-later"
            ],
            "authors": [
                {
                    "name": "Nicola Asuni",
                    "email": "info@tecnick.com",
                    "role": "lead"
                }
            ],
            "description": "PHP library to create and embed digital signatures (PKCS#7 / CAdES / PAdES) in PDF documents",
            "homepage": "https://tcpdf.org",
            "keywords": [
                "cades",
                "digital-signature",
                "pades",
                "pdf",
                "pkcs7",
                "sign",
                "signature",
                "tc-lib-pdf-sign",
                "timestamp"
            ],
            "support": {
                "issues": "https://github.com/tecnickcom/tc-lib-pdf-sign/issues",
                "source": "https://github.com/tecnickcom/tc-lib-pdf-sign"
            },
            "funding": [
                {
                    "url": "https://github.com/sponsors/tecnickcom",
                    "type": "github"
                }
            ],
            "time": "2026-08-14T21:50:10+00:00"
        },
        {
            "name": "tecnickcom/tc-lib-unicode",
            "version": "3.0.3",
            "source": {
                "type": "git",
                "url": "https://github.com/tecnickcom/tc-lib-unicode.git",
                "reference": "754a0f12230d9a237cc31a58732dd99d85ad8f1b"
            },
            "dist": {
                "type": "zip",
                "url": "https://api.github.com/repos/tecnickcom/tc-lib-unicode/zipball/754a0f12230d9a237cc31a58732dd99d85ad8f1b",
                "reference": "754a0f12230d9a237cc31a58732dd99d85ad8f1b",
                "shasum": ""
            },
            "require": {
                "ext-ctype": "*",
                "ext-mbstring": "*",
                "ext-pcre": "*",
                "php": ">=8.2",
                "tecnickcom/tc-lib-unicode-data": "^3.0"
            },
            "require-dev": {
                "pdepend/pdepend": "^2.16",
                "phpunit/phpunit": "^11.5 || ^12.5 || ^13.3"
            },
            "type": "library",
            "autoload": {
                "psr-4": {
                    "Com\\Tecnick\\Unicode\\": "src"
                }
            },
            "notification-url": "https://packagist.org/downloads/",
            "license": [
                "LGPL-3.0-or-later"
            ],
            "authors": [
                {
                    "name": "Nicola Asuni",
                    "email": "info@tecnick.com",
                    "role": "lead"
                }
            ],
            "description": "PHP library containing Unicode methods",
            "homepage": "https://tcpdf.org",
            "keywords": [
                "font",
                "pdf",
                "tc-lib-unicode",
                "unicode",
                "utf-8"
            ],
            "support": {
                "issues": "https://github.com/tecnickcom/tc-lib-unicode/issues",
                "source": "https://github.com/tecnickcom/tc-lib-unicode"
            },
            "funding": [
                {
                    "url": "https://github.com/sponsors/tecnickcom",
                    "type": "github"
                }
            ],
            "time": "2026-08-14T21:52:07+00:00"
        },
        {
            "name": "tecnickcom/tc-lib-unicode-data",
            "version": "3.0.3",
            "source": {
                "type": "git",
                "url": "https://github.com/tecnickcom/tc-lib-unicode-data.git",
                "reference": "03e7c4ac9679a91df15b9a091f903e001c23fbe7"
            },
            "dist": {
                "type": "zip",
                "url": "https://api.github.com/repos/tecnickcom/tc-lib-unicode-data/zipball/03e7c4ac9679a91df15b9a091f903e001c23fbe7",
                "reference": "03e7c4ac9679a91df15b9a091f903e001c23fbe7",
                "shasum": ""
            },
            "require": {
                "php": ">=8.2"
            },
            "require-dev": {
                "pdepend/pdepend": "^2.16",
                "phpunit/phpunit": "^11.5 || ^12.5 || ^13.3"
            },
            "type": "library",
            "autoload": {
                "psr-4": {
                    "Com\\Tecnick\\Unicode\\Data\\": "src"
                }
            },
            "notification-url": "https://packagist.org/downloads/",
            "license": [
                "LGPL-3.0-or-later"
            ],
            "authors": [
                {
                    "name": "Nicola Asuni",
                    "email": "info@tecnick.com",
                    "role": "lead"
                }
            ],
            "description": "PHP library containing Unicode definitions",
            "homepage": "https://tcpdf.org",
            "keywords": [
                "font",
                "pdf",
                "tc-lib-unicode-data",
                "unicode",
                "utf-8"
            ],
            "support": {
                "issues": "https://github.com/tecnickcom/tc-lib-unicode-data/issues",
                "source": "https://github.com/tecnickcom/tc-lib-unicode-data"
            },
            "funding": [
                {
                    "url": "https://github.com/sponsors/tecnickcom",
                    "type": "github"
                }
            ],
            "time": "2026-08-14T21:50:24+00:00"
        },
        {
            "name": "tecnickcom/tcpdf",
            "version": "7.0.5",
            "source": {
                "type": "git",
                "url": "https://github.com/tecnickcom/TCPDF.git",
                "reference": "03139a56abfbc4a60cf1aa143a29214d5da5d28b"
            },
            "dist": {
                "type": "zip",
                "url": "https://api.github.com/repos/tecnickcom/TCPDF/zipball/03139a56abfbc4a60cf1aa143a29214d5da5d28b",
                "reference": "03139a56abfbc4a60cf1aa143a29214d5da5d28b",
                "shasum": ""
            },
            "require": {
                "ext-curl": "*",
                "php": ">=8.2",
                "tecnickcom/tc-lib-pdf": "^8"
            },
            "require-dev": {
                "pdepend/pdepend": "^2.16",
                "phpunit/phpunit": "^11.5 || ^12.5 || ^13.3"
            },
            "suggest": {
                "ext-gd": "Enables additional image handling in some workflows.",
                "ext-imagick": "Enables additional image format support when available.",
                "ext-zlib": "Recommended for compressed streams and related features.",
                "tecnickcom/tc-lib-pdf": "Modern replacement for TCPDF for new projects."
            },
            "type": "library",
            "autoload": {
                "classmap": [
                    "config",
                    "tcpdf.php"
                ]
            },
            "notification-url": "https://packagist.org/downloads/",
            "license": [
                "LGPL-3.0-or-later"
            ],
            "authors": [
                {
                    "name": "Nicola Asuni",
                    "email": "info@tecnick.com",
                    "role": "lead"
                }
            ],
            "description": "Deprecated legacy PDF engine for PHP. Use instead tecnickcom/tc-lib-pdf.",
            "homepage": "https://tcpdf.org",
            "keywords": [
                "PDFD32000-2008",
                "TCPDF",
                "barcodes",
                "datamatrix",
                "pdf",
                "pdf417",
                "qrcode"
            ],
            "support": {
                "issues": "https://github.com/tecnickcom/TCPDF/issues",
                "source": "https://github.com/tecnickcom/TCPDF"
            },
            "funding": [
                {
                    "url": "https://github.com/sponsors/tecnickcom",
                    "type": "github"
                }
            ],
            "time": "2026-08-15T08:22:12+00:00"
        }
    ],
    "packages-dev": [],
    "aliases": [],
    "minimum-stability": "stable",
    "stability-flags": {},
    "prefer-stable": false,
    "prefer-lowest": false,
    "platform": {},
    "platform-dev": {},
    "plugin-api-version": "2.9.0"
}
